{
  "version": 4,
  "terraform_version": "1.7.3",
  "serial": 25,
  "lineage": "1ea7e006-abd2-5143-8720-faae7798019f",
  "outputs": {},
  "resources": [
    {
      "mode": "data",
      "type": "aws_iam_policy",
      "name": "cloudwatch_full_access",
      "provider": "provider[\"registry.terraform.io/hashicorp/aws\"]",
      "instances": [
        {
          "schema_version": 0,
          "attributes": {
            "arn": "arn:aws:iam::aws:policy/CloudWatchFullAccess",
            "description": "Provides full access to CloudWatch.",
            "id": "arn:aws:iam::aws:policy/CloudWatchFullAccess",
            "name": "CloudWatchFullAccess",
            "path": "/",
            "path_prefix": null,
            "policy": "{\n\t\"Version\": \"2012-10-17\",\n\t\"Statement\": [\n\t\t{\n\t\t\t\"Effect\": \"Allow\",\n\t\t\t\"Action\": [\n\t\t\t\t\"autoscaling:Describe*\",\n\t\t\t\t\"cloudwatch:*\",\n\t\t\t\t\"logs:*\",\n\t\t\t\t\"sns:*\",\n\t\t\t\t\"iam:GetPolicy\",\n\t\t\t\t\"iam:GetPolicyVersion\",\n\t\t\t\t\"iam:GetRole\",\n\t\t\t\t\"oam:ListSinks\"\n\t\t\t],\n\t\t\t\"Resource\": \"*\"\n\t\t},\n\t\t{\n\t\t\t\"Effect\": \"Allow\",\n\t\t\t\"Action\": \"iam:CreateServiceLinkedRole\",\n\t\t\t\"Resource\": \"arn:aws:iam::*:role/aws-service-role/events.amazonaws.com/AWSServiceRoleForCloudWatchEvents*\",\n\t\t\t\"Condition\": {\n\t\t\t\t\"StringLike\": {\n\t\t\t\t\t\"iam:AWSServiceName\": \"events.amazonaws.com\"\n\t\t\t\t}\n\t\t\t}\n\t\t},\n\t\t{\n\t\t\t\"Effect\": \"Allow\",\n\t\t\t\"Action\": [\n\t\t\t\t\"oam:ListAttachedLinks\"\n\t\t\t],\n\t\t\t\"Resource\": \"arn:aws:oam:*:*:sink/*\"\n\t\t}\n\t]\n}",
            "policy_id": "ANPAIKEABORKUXN6DEAZU",
            "tags": {}
          },
          "sensitive_attributes": []
        }
      ]
    },
    {
      "mode": "data",
      "type": "aws_iam_policy_document",
      "name": "data_lake_policy",
      "provider": "provider[\"registry.terraform.io/hashicorp/aws\"]",
      "instances": [
        {
          "schema_version": 0,
          "attributes": {
            "id": "2448727837",
            "json": "{\n  \"Version\": \"2012-10-17\",\n  \"Statement\": [\n    {\n      \"Effect\": \"Allow\",\n      \"Action\": [\n        \"s3:PutObject\",\n        \"s3:GetObject\",\n        \"s3:DeleteObject\"\n      ],\n      \"Resource\": \"arn:aws:s3:::kishore-data-uploads/*\"\n    },\n    {\n      \"Effect\": \"Allow\",\n      \"Action\": \"s3:ListBucket\",\n      \"Resource\": [\n        \"arn:aws:s3:::kishore-data-uploads/\",\n        \"arn:aws:s3:::awsglue-datasets/\"\n      ]\n    },\n    {\n      \"Effect\": \"Allow\",\n      \"Action\": \"s3:GetObject\",\n      \"Resource\": \"arn:aws:s3:::awsglue-datasets/*\"\n    }\n  ]\n}",
            "override_policy_documents": null,
            "policy_id": null,
            "source_policy_documents": null,
            "statement": [
              {
                "actions": [
                  "s3:DeleteObject",
                  "s3:GetObject",
                  "s3:PutObject"
                ],
                "condition": [],
                "effect": "Allow",
                "not_actions": [],
                "not_principals": [],
                "not_resources": [],
                "principals": [],
                "resources": [
                  "arn:aws:s3:::kishore-data-uploads/*"
                ],
                "sid": ""
              },
              {
                "actions": [
                  "s3:ListBucket"
                ],
                "condition": [],
                "effect": "Allow",
                "not_actions": [],
                "not_principals": [],
                "not_resources": [],
                "principals": [],
                "resources": [
                  "arn:aws:s3:::awsglue-datasets/",
                  "arn:aws:s3:::kishore-data-uploads/"
                ],
                "sid": ""
              },
              {
                "actions": [
                  "s3:GetObject"
                ],
                "condition": [],
                "effect": "Allow",
                "not_actions": [],
                "not_principals": [],
                "not_resources": [],
                "principals": [],
                "resources": [
                  "arn:aws:s3:::awsglue-datasets/*"
                ],
                "sid": ""
              }
            ],
            "version": "2012-10-17"
          },
          "sensitive_attributes": []
        }
      ]
    },
    {
      "mode": "data",
      "type": "aws_iam_policy_document",
      "name": "data_lake_policy_covid",
      "provider": "provider[\"registry.terraform.io/hashicorp/aws\"]",
      "instances": [
        {
          "schema_version": 0,
          "attributes": {
            "id": "4075075290",
            "json": "{\n  \"Version\": \"2012-10-17\",\n  \"Statement\": [\n    {\n      \"Effect\": \"Allow\",\n      \"Action\": [\n        \"s3:PutObject\",\n        \"s3:ListBucket\",\n        \"s3:GetObject\",\n        \"s3:DeleteObject\"\n      ],\n      \"Resource\": \"arn:aws:s3:::covid-data-16091988/*\"\n    }\n  ]\n}",
            "override_policy_documents": null,
            "policy_id": null,
            "source_policy_documents": null,
            "statement": [
              {
                "actions": [
                  "s3:DeleteObject",
                  "s3:GetObject",
                  "s3:ListBucket",
                  "s3:PutObject"
                ],
                "condition": [],
                "effect": "Allow",
                "not_actions": [],
                "not_principals": [],
                "not_resources": [],
                "principals": [],
                "resources": [
                  "arn:aws:s3:::covid-data-16091988/*"
                ],
                "sid": ""
              }
            ],
            "version": "2012-10-17"
          },
          "sensitive_attributes": []
        }
      ]
    },
    {
      "mode": "data",
      "type": "aws_iam_policy_document",
      "name": "glue_execution_assume_role_policy",
      "provider": "provider[\"registry.terraform.io/hashicorp/aws\"]",
      "instances": [
        {
          "schema_version": 0,
          "attributes": {
            "id": "2681768870",
            "json": "{\n  \"Version\": \"2012-10-17\",\n  \"Statement\": [\n    {\n      \"Effect\": \"Allow\",\n      \"Action\": \"sts:AssumeRole\",\n      \"Principal\": {\n        \"Service\": \"glue.amazonaws.com\"\n      }\n    }\n  ]\n}",
            "override_policy_documents": null,
            "policy_id": null,
            "source_policy_documents": null,
            "statement": [
              {
                "actions": [
                  "sts:AssumeRole"
                ],
                "condition": [],
                "effect": "Allow",
                "not_actions": [],
                "not_principals": [],
                "not_resources": [],
                "principals": [
                  {
                    "identifiers": [
                      "glue.amazonaws.com"
                    ],
                    "type": "Service"
                  }
                ],
                "resources": [],
                "sid": ""
              }
            ],
            "version": "2012-10-17"
          },
          "sensitive_attributes": []
        }
      ]
    },
    {
      "mode": "managed",
      "type": "aws_glue_job",
      "name": "covid_data_processing",
      "provider": "provider[\"registry.terraform.io/hashicorp/aws\"]",
      "instances": [
        {
          "schema_version": 0,
          "attributes": {
            "arn": "arn:aws:glue:ap-south-1:249961799892:job/CovidDataProcessing",
            "command": [
              {
                "name": "glueetl",
                "python_version": "3",
                "runtime": "",
                "script_location": "s3://covid-data-16091988/glue/scripts/CovidDataProcessing.py"
              }
            ],
            "connections": [],
            "default_arguments": {
              "--class": "GlueApp",
              "--conf": "spark.sql.extensions=org.apache.iceberg.spark.extensions.IcebergSparkSessionExtensions  --conf spark.sql.catalog.glue_catalog=org.apache.iceberg.spark.SparkCatalog  --conf spark.sql.catalog.glue_catalog.warehouse=s3://tnt-erp-sql/ --conf spark.sql.catalog.glue_catalog.catalog-impl=org.apache.iceberg.aws.glue.GlueCatalog  --conf spark.sql.catalog.glue_catalog.io-impl=org.apache.iceberg.aws.s3.S3FileIO",
              "--datalake-formats": "iceberg",
              "--enable-auto-scaling": "false",
              "--enable-glue-datacatalog": "true",
              "--enable-job-insights": "true",
              "--job-bookmark-option": "job-bookmark-disable",
              "--job-language": "python",
              "--s3_bucket": "covid-data-16091988",
              "--s3_filepath": "csv/india-data/covid_19_india.csv"
            },
            "description": "Covid data processing with aws glue service and terraform",
            "execution_class": "FLEX",
            "execution_property": [
              {
                "max_concurrent_runs": 1
              }
            ],
            "glue_version": "4.0",
            "id": "CovidDataProcessing",
            "max_capacity": 2,
            "max_retries": 0,
            "name": "CovidDataProcessing",
            "non_overridable_arguments": {},
            "notification_property": [],
            "number_of_workers": 2,
            "role_arn": "arn:aws:iam::249961799892:role/aws_glue_job_runner",
            "security_configuration": "",
            "tags": {
              "project": "covid-data-processing"
            },
            "tags_all": {
              "project": "covid-data-processing"
            },
            "timeout": 60,
            "worker_type": "G.1X"
          },
          "sensitive_attributes": [],
          "private": "bnVsbA==",
          "dependencies": [
            "aws_iam_role.glue_service_role",
            "data.aws_iam_policy_document.glue_execution_assume_role_policy"
          ]
        }
      ]
    },
    {
      "mode": "managed",
      "type": "aws_glue_job",
      "name": "test_deploy_script",
      "provider": "provider[\"registry.terraform.io/hashicorp/aws\"]",
      "instances": [
        {
          "schema_version": 0,
          "attributes": {
            "arn": "arn:aws:glue:ap-south-1:249961799892:job/TestDeployScript",
            "command": [
              {
                "name": "glueetl",
                "python_version": "3",
                "runtime": "",
                "script_location": "s3://kishore-data-uploads/glue/scripts/TestDeployScript.py"
              }
            ],
            "connections": [],
            "default_arguments": {
              "--class": "GlueApp",
              "--conf": "spark.sql.extensions=org.apache.iceberg.spark.extensions.IcebergSparkSessionExtensions  --conf spark.sql.catalog.glue_catalog=org.apache.iceberg.spark.SparkCatalog  --conf spark.sql.catalog.glue_catalog.warehouse=s3://tnt-erp-sql/ --conf spark.sql.catalog.glue_catalog.catalog-impl=org.apache.iceberg.aws.glue.GlueCatalog  --conf spark.sql.catalog.glue_catalog.io-impl=org.apache.iceberg.aws.s3.S3FileIO",
              "--datalake-formats": "iceberg",
              "--enable-auto-scaling": "false",
              "--enable-glue-datacatalog": "true",
              "--enable-job-insights": "true",
              "--job-bookmark-option": "job-bookmark-disable",
              "--job-language": "python"
            },
            "description": "test the deployment of an aws glue job to aws glue service with terraform",
            "execution_class": "FLEX",
            "execution_property": [
              {
                "max_concurrent_runs": 1
              }
            ],
            "glue_version": "4.0",
            "id": "TestDeployScript",
            "max_capacity": 2,
            "max_retries": 0,
            "name": "TestDeployScript",
            "non_overridable_arguments": {},
            "notification_property": [],
            "number_of_workers": 2,
            "role_arn": "arn:aws:iam::249961799892:role/aws_glue_job_runner",
            "security_configuration": "",
            "tags": {
              "project": "terraform_glue_job_deployment"
            },
            "tags_all": {
              "project": "terraform_glue_job_deployment"
            },
            "timeout": 60,
            "worker_type": "G.1X"
          },
          "sensitive_attributes": [],
          "private": "bnVsbA==",
          "dependencies": [
            "aws_iam_role.glue_service_role",
            "data.aws_iam_policy_document.glue_execution_assume_role_policy"
          ]
        }
      ]
    },
    {
      "mode": "managed",
      "type": "aws_iam_policy",
      "name": "data_lake_access_policy",
      "provider": "provider[\"registry.terraform.io/hashicorp/aws\"]",
      "instances": [
        {
          "schema_version": 0,
          "attributes": {
            "arn": "arn:aws:iam::249961799892:policy/s3DataLakePolicy-kishore-data-uploads",
            "description": "Allows for running glue job in the glue console and access my s3_bucket",
            "id": "arn:aws:iam::249961799892:policy/s3DataLakePolicy-kishore-data-uploads",
            "name": "s3DataLakePolicy-kishore-data-uploads",
            "name_prefix": "",
            "path": "/",
            "policy": "{\"Statement\":[{\"Action\":[\"s3:PutObject\",\"s3:GetObject\",\"s3:DeleteObject\"],\"Effect\":\"Allow\",\"Resource\":\"arn:aws:s3:::kishore-data-uploads/*\"},{\"Action\":\"s3:ListBucket\",\"Effect\":\"Allow\",\"Resource\":[\"arn:aws:s3:::kishore-data-uploads/\",\"arn:aws:s3:::awsglue-datasets/\"]},{\"Action\":\"s3:GetObject\",\"Effect\":\"Allow\",\"Resource\":\"arn:aws:s3:::awsglue-datasets/*\"}],\"Version\":\"2012-10-17\"}",
            "policy_id": "ANPATUMXCMDKFSDY6MCH6",
            "tags": {
              "Application": "terraform_glue_job_deployment"
            },
            "tags_all": {
              "Application": "terraform_glue_job_deployment"
            }
          },
          "sensitive_attributes": [],
          "private": "bnVsbA==",
          "dependencies": [
            "data.aws_iam_policy_document.data_lake_policy"
          ]
        }
      ]
    },
    {
      "mode": "managed",
      "type": "aws_iam_policy",
      "name": "data_lake_access_policy_covid",
      "provider": "provider[\"registry.terraform.io/hashicorp/aws\"]",
      "instances": [
        {
          "schema_version": 0,
          "attributes": {
            "arn": "arn:aws:iam::249961799892:policy/s3DataLakePolicy-covid-data-16091988",
            "description": "Allows for running glue job in the glue console and access my s3_bucket",
            "id": "arn:aws:iam::249961799892:policy/s3DataLakePolicy-covid-data-16091988",
            "name": "s3DataLakePolicy-covid-data-16091988",
            "name_prefix": "",
            "path": "/",
            "policy": "{\"Statement\":[{\"Action\":[\"s3:PutObject\",\"s3:ListBucket\",\"s3:GetObject\",\"s3:DeleteObject\"],\"Effect\":\"Allow\",\"Resource\":\"arn:aws:s3:::covid-data-16091988/*\"}],\"Version\":\"2012-10-17\"}",
            "policy_id": "ANPATUMXCMDKGBFAFIFEF",
            "tags": {
              "Application": "terraform_glue_job_deployment"
            },
            "tags_all": {
              "Application": "terraform_glue_job_deployment"
            }
          },
          "sensitive_attributes": [],
          "private": "bnVsbA==",
          "dependencies": [
            "data.aws_iam_policy_document.data_lake_policy_covid"
          ]
        }
      ]
    },
    {
      "mode": "managed",
      "type": "aws_iam_role",
      "name": "glue_service_role",
      "provider": "provider[\"registry.terraform.io/hashicorp/aws\"]",
      "instances": [
        {
          "schema_version": 0,
          "attributes": {
            "arn": "arn:aws:iam::249961799892:role/aws_glue_job_runner",
            "assume_role_policy": "{\"Statement\":[{\"Action\":\"sts:AssumeRole\",\"Effect\":\"Allow\",\"Principal\":{\"Service\":\"glue.amazonaws.com\"}}],\"Version\":\"2012-10-17\"}",
            "create_date": "2024-02-12T15:08:27Z",
            "description": "",
            "force_detach_policies": false,
            "id": "aws_glue_job_runner",
            "inline_policy": [],
            "managed_policy_arns": [
              "arn:aws:iam::249961799892:policy/s3DataLakePolicy-covid-data-16091988",
              "arn:aws:iam::249961799892:policy/s3DataLakePolicy-kishore-data-uploads",
              "arn:aws:iam::aws:policy/CloudWatchFullAccess"
            ],
            "max_session_duration": 3600,
            "name": "aws_glue_job_runner",
            "name_prefix": "",
            "path": "/",
            "permissions_boundary": "",
            "tags": {
              "Application": "terraform_glue_job_deployment"
            },
            "tags_all": {
              "Application": "terraform_glue_job_deployment"
            },
            "unique_id": "AROATUMXCMDKC3MO56IBD"
          },
          "sensitive_attributes": [],
          "private": "bnVsbA==",
          "dependencies": [
            "data.aws_iam_policy_document.glue_execution_assume_role_policy"
          ]
        }
      ]
    },
    {
      "mode": "managed",
      "type": "aws_iam_role_policy_attachment",
      "name": "cloudwatch_full_access_attachment",
      "provider": "provider[\"registry.terraform.io/hashicorp/aws\"]",
      "instances": [
        {
          "schema_version": 0,
          "attributes": {
            "id": "aws_glue_job_runner-20240213060614689200000001",
            "policy_arn": "arn:aws:iam::aws:policy/CloudWatchFullAccess",
            "role": "aws_glue_job_runner"
          },
          "sensitive_attributes": [],
          "private": "bnVsbA==",
          "dependencies": [
            "aws_iam_role.glue_service_role",
            "data.aws_iam_policy.cloudwatch_full_access",
            "data.aws_iam_policy_document.glue_execution_assume_role_policy"
          ]
        }
      ]
    },
    {
      "mode": "managed",
      "type": "aws_iam_role_policy_attachment",
      "name": "data_lake_permissions",
      "provider": "provider[\"registry.terraform.io/hashicorp/aws\"]",
      "instances": [
        {
          "schema_version": 0,
          "attributes": {
            "id": "aws_glue_job_runner-20240213060614803800000002",
            "policy_arn": "arn:aws:iam::249961799892:policy/s3DataLakePolicy-kishore-data-uploads",
            "role": "aws_glue_job_runner"
          },
          "sensitive_attributes": [],
          "private": "bnVsbA==",
          "dependencies": [
            "aws_iam_policy.data_lake_access_policy",
            "aws_iam_role.glue_service_role",
            "data.aws_iam_policy_document.data_lake_policy",
            "data.aws_iam_policy_document.glue_execution_assume_role_policy"
          ]
        }
      ]
    },
    {
      "mode": "managed",
      "type": "aws_iam_role_policy_attachment",
      "name": "data_lake_permissions_covid",
      "provider": "provider[\"registry.terraform.io/hashicorp/aws\"]",
      "instances": [
        {
          "schema_version": 0,
          "attributes": {
            "id": "aws_glue_job_runner-20240216150021194400000001",
            "policy_arn": "arn:aws:iam::249961799892:policy/s3DataLakePolicy-covid-data-16091988",
            "role": "aws_glue_job_runner"
          },
          "sensitive_attributes": [],
          "private": "bnVsbA==",
          "dependencies": [
            "aws_iam_policy.data_lake_access_policy_covid",
            "aws_iam_role.glue_service_role",
            "data.aws_iam_policy_document.data_lake_policy_covid",
            "data.aws_iam_policy_document.glue_execution_assume_role_policy"
          ]
        }
      ]
    },
    {
      "mode": "managed",
      "type": "aws_s3_object",
      "name": "covid_data_processing_script",
      "provider": "provider[\"registry.terraform.io/hashicorp/aws\"]",
      "instances": [
        {
          "schema_version": 0,
          "attributes": {
            "acl": null,
            "bucket": "covid-data-16091988",
            "bucket_key_enabled": false,
            "cache_control": "",
            "checksum_algorithm": null,
            "checksum_crc32": "",
            "checksum_crc32c": "",
            "checksum_sha1": "",
            "checksum_sha256": "",
            "content": null,
            "content_base64": null,
            "content_disposition": "",
            "content_encoding": "",
            "content_language": "",
            "content_type": "application/octet-stream",
            "etag": "42b252bcf6890f335770f80912d74a0c",
            "force_destroy": false,
            "id": "glue/scripts/CovidDataProcessing.py",
            "key": "glue/scripts/CovidDataProcessing.py",
            "kms_key_id": null,
            "metadata": {},
            "object_lock_legal_hold_status": "",
            "object_lock_mode": "",
            "object_lock_retain_until_date": "",
            "override_provider": [],
            "server_side_encryption": "AES256",
            "source": "./../glue/CovidDataProcessing.py",
            "source_hash": null,
            "storage_class": "STANDARD",
            "tags": {},
            "tags_all": {},
            "version_id": "",
            "website_redirect": ""
          },
          "sensitive_attributes": [],
          "private": "bnVsbA=="
        }
      ]
    },
    {
      "mode": "managed",
      "type": "aws_s3_object",
      "name": "test_deploy_script_s3",
      "provider": "provider[\"registry.terraform.io/hashicorp/aws\"]",
      "instances": [
        {
          "schema_version": 0,
          "attributes": {
            "acl": null,
            "bucket": "kishore-data-uploads",
            "bucket_key_enabled": false,
            "cache_control": "",
            "checksum_algorithm": null,
            "checksum_crc32": "",
            "checksum_crc32c": "",
            "checksum_sha1": "",
            "checksum_sha256": "",
            "content": null,
            "content_base64": null,
            "content_disposition": "",
            "content_encoding": "",
            "content_language": "",
            "content_type": "application/octet-stream",
            "etag": "6cfa2aae1e782ab658bdc30c506c6ae8",
            "force_destroy": false,
            "id": "glue/scripts/TestDeployScript.py",
            "key": "glue/scripts/TestDeployScript.py",
            "kms_key_id": null,
            "metadata": {},
            "object_lock_legal_hold_status": "",
            "object_lock_mode": "",
            "object_lock_retain_until_date": "",
            "override_provider": [],
            "server_side_encryption": "AES256",
            "source": "./../glue/TestDeployScript.py",
            "source_hash": null,
            "storage_class": "STANDARD",
            "tags": {},
            "tags_all": {},
            "version_id": "",
            "website_redirect": ""
          },
          "sensitive_attributes": [],
          "private": "bnVsbA=="
        }
      ]
    }
  ],
  "check_results": null
}
